
Microsoft Visual Studio Solution File, Format Version 12.00
# Visual Studio Version 16
VisualStudioVersion = 16.0.31205.134
MinimumVisualStudioVersion = 10.0.40219.1
Project("{FAE04EC0-301F-11D3-BF4B-00C04F79EFBC}") = "PD10", "PD10\PD10.csproj", "{490355F2-8E31-4B2E-9163-7D11D143B249}"
EndProject
Project("{54435603-DBB4-11D2-8724-00A0C9A8B90C}") = "Setup", "Setup\Setup.vdproj", "{F2FFABD4-7789-4C61-951D-F8FF6E99C511}"
EndProject
Global
	GlobalSection(SolutionConfigurationPlatforms) = preSolution
		Debug|Any CPU = Debug|Any CPU
		Release|Any CPU = Release|Any CPU
	EndGlobalSection
	GlobalSection(ProjectConfigurationPlatforms) = postSolution
		{490355F2-8E31-4B2E-9163-7D11D143B249}.Debug|Any CPU.ActiveCfg = Debug|Any CPU
		{490355F2-8E31-4B2E-9163-7D11D143B249}.Debug|Any CPU.Build.0 = Debug|Any CPU
		{490355F2-8E31-4B2E-9163-7D11D143B249}.Release|Any CPU.ActiveCfg = Release|Any CPU
		{490355F2-8E31-4B2E-9163-7D11D143B249}.Release|Any CPU.Build.0 = Release|Any CPU
		{F2FFABD4-7789-4C61-951D-F8FF6E99C511}.Debug|Any CPU.ActiveCfg = Debug
		{F2FFABD4-7789-4C61-951D-F8FF6E99C511}.Release|Any CPU.ActiveCfg = Release
	EndGlobalSection
	GlobalSection(SolutionProperties) = preSolution
		HideSolutionNode = FALSE
	EndGlobalSection
	GlobalSection(ExtensibilityGlobals) = postSolution
		SolutionGuid = {8E6338CC-CFBC-4AAE-B790-9C06F492DEBF}
	EndGlobalSection
EndGlobal
